
Microsoft Visual Studio Solution File, Format Version 12.00
# Visual Studio Version 17
VisualStudioVersion = 17.0.31903.59
MinimumVisualStudioVersion = 10.0.40219.1
Project("{2150E333-8FDC-42A3-9474-1A3956D46DE8}") = "src", "src", "{827E0CD3-B72D-47B6-A68D-7590B98EB39B}"
EndProject
Project("{FAE04EC0-301F-11D3-BF4B-00C04F79EFBC}") = "Aegis.Domain", "src\Aegis.Domain\Aegis.Domain.csproj", "{C1BFD1DF-374C-4FE5-AF36-8ED80C820FFB}"
EndProject
Project("{FAE04EC0-301F-11D3-BF4B-00C04F79EFBC}") = "Aegis.Application", "src\Aegis.Application\Aegis.Application.csproj", "{3B06802E-A512-426D-9FCE-A35FBC1ED928}"
EndProject
Project("{FAE04EC0-301F-11D3-BF4B-00C04F79EFBC}") = "Aegis.Infrastructure", "src\Aegis.Infrastructure\Aegis.Infrastructure.csproj", "{0A133015-2966-4BF3-A64C-49E86B19F5BD}"
EndProject
Project("{FAE04EC0-301F-11D3-BF4B-00C04F79EFBC}") = "Aegis.Api", "src\Aegis.Api\Aegis.Api.csproj", "{ED179261-3390-4270-BE29-AE07402F168C}"
EndProject
Project("{FAE04EC0-301F-11D3-BF4B-00C04F79EFBC}") = "Aegis.UnitTests", "tests\Aegis.UnitTests\Aegis.UnitTests.csproj", "{4F16BB78-777F-46A4-B8DF-9FE8B440BB3A}"
EndProject
Project("{FAE04EC0-301F-11D3-BF4B-00C04F79EFBC}") = "Aegis.IntegrationTests", "tests\Aegis.IntegrationTests\Aegis.IntegrationTests.csproj", "{438C422C-66BF-4302-91D8-FB2AE95A9B65}"
EndProject
Global
	GlobalSection(SolutionConfigurationPlatforms) = preSolution
		Debug|Any CPU = Debug|Any CPU
		Debug|x64 = Debug|x64
		Debug|x86 = Debug|x86
		Release|Any CPU = Release|Any CPU
		Release|x64 = Release|x64
		Release|x86 = Release|x86
	EndGlobalSection
	GlobalSection(ProjectConfigurationPlatforms) = postSolution
		{C1BFD1DF-374C-4FE5-AF36-8ED80C820FFB}.Debug|Any CPU.ActiveCfg = Debug|Any CPU
		{C1BFD1DF-374C-4FE5-AF36-8ED80C820FFB}.Debug|Any CPU.Build.0 = Debug|Any CPU
		{C1BFD1DF-374C-4FE5-AF36-8ED80C820FFB}.Debug|x64.ActiveCfg = Debug|Any CPU
		{C1BFD1DF-374C-4FE5-AF36-8ED80C820FFB}.Debug|x64.Build.0 = Debug|Any CPU
		{C1BFD1DF-374C-4FE5-AF36-8ED80C820FFB}.Debug|x86.ActiveCfg = Debug|Any CPU
		{C1BFD1DF-374C-4FE5-AF36-8ED80C820FFB}.Debug|x86.Build.0 = Debug|Any CPU
		{C1BFD1DF-374C-4FE5-AF36-8ED80C820FFB}.Release|Any CPU.ActiveCfg = Release|Any CPU
		{C1BFD1DF-374C-4FE5-AF36-8ED80C820FFB}.Release|Any CPU.Build.0 = Release|Any CPU
		{C1BFD1DF-374C-4FE5-AF36-8ED80C820FFB}.Release|x64.ActiveCfg = Release|Any CPU
		{C1BFD1DF-374C-4FE5-AF36-8ED80C820FFB}.Release|x64.Build.0 = Release|Any CPU
		{C1BFD1DF-374C-4FE5-AF36-8ED80C820FFB}.Release|x86.ActiveCfg = Release|Any CPU
		{C1BFD1DF-374C-4FE5-AF36-8ED80C820FFB}.Release|x86.Build.0 = Release|Any CPU
		{3B06802E-A512-426D-9FCE-A35FBC1ED928}.Debug|Any CPU.ActiveCfg = Debug|Any CPU
		{3B06802E-A512-426D-9FCE-A35FBC1ED928}.Debug|Any CPU.Build.0 = Debug|Any CPU
		{3B06802E-A512-426D-9FCE-A35FBC1ED928}.Debug|x64.ActiveCfg = Debug|Any CPU
		{3B06802E-A512-426D-9FCE-A35FBC1ED928}.Debug|x64.Build.0 = Debug|Any CPU
		{3B06802E-A512-426D-9FCE-A35FBC1ED928}.Debug|x86.ActiveCfg = Debug|Any CPU
		{3B06802E-A512-426D-9FCE-A35FBC1ED928}.Debug|x86.Build.0 = Debug|Any CPU
		{3B06802E-A512-426D-9FCE-A35FBC1ED928}.Release|Any CPU.ActiveCfg = Release|Any CPU
		{3B06802E-A512-426D-9FCE-A35FBC1ED928}.Release|Any CPU.Build.0 = Release|Any CPU
		{3B06802E-A512-426D-9FCE-A35FBC1ED928}.Release|x64.ActiveCfg = Release|Any CPU
		{3B06802E-A512-426D-9FCE-A35FBC1ED928}.Release|x64.Build.0 = Release|Any CPU
		{3B06802E-A512-426D-9FCE-A35FBC1ED928}.Release|x86.ActiveCfg = Release|Any CPU
		{3B06802E-A512-426D-9FCE-A35FBC1ED928}.Release|x86.Build.0 = Release|Any CPU
		{0A133015-2966-4BF3-A64C-49E86B19F5BD}.Debug|Any CPU.ActiveCfg = Debug|Any CPU
		{0A133015-2966-4BF3-A64C-49E86B19F5BD}.Debug|Any CPU.Build.0 = Debug|Any CPU
		{0A133015-2966-4BF3-A64C-49E86B19F5BD}.Debug|x64.ActiveCfg = Debug|Any CPU
		{0A133015-2966-4BF3-A64C-49E86B19F5BD}.Debug|x64.Build.0 = Debug|Any CPU
		{0A133015-2966-4BF3-A64C-49E86B19F5BD}.Debug|x86.ActiveCfg = Debug|Any CPU
		{0A133015-2966-4BF3-A64C-49E86B19F5BD}.Debug|x86.Build.0 = Debug|Any CPU
		{0A133015-2966-4BF3-A64C-49E86B19F5BD}.Release|Any CPU.ActiveCfg = Release|Any CPU
		{0A133015-2966-4BF3-A64C-49E86B19F5BD}.Release|Any CPU.Build.0 = Release|Any CPU
		{0A133015-2966-4BF3-A64C-49E86B19F5BD}.Release|x64.ActiveCfg = Release|Any CPU
		{0A133015-2966-4BF3-A64C-49E86B19F5BD}.Release|x64.Build.0 = Release|Any CPU
		{0A133015-2966-4BF3-A64C-49E86B19F5BD}.Release|x86.ActiveCfg = Release|Any CPU
		{0A133015-2966-4BF3-A64C-49E86B19F5BD}.Release|x86.Build.0 = Release|Any CPU
		{ED179261-3390-4270-BE29-AE07402F168C}.Debug|Any CPU.ActiveCfg = Debug|Any CPU
		{ED179261-3390-4270-BE29-AE07402F168C}.Debug|Any CPU.Build.0 = Debug|Any CPU
		{ED179261-3390-4270-BE29-AE07402F168C}.Debug|x64.ActiveCfg = Debug|Any CPU
		{ED179261-3390-4270-BE29-AE07402F168C}.Debug|x64.Build.0 = Debug|Any CPU
		{ED179261-3390-4270-BE29-AE07402F168C}.Debug|x86.ActiveCfg = Debug|Any CPU
		{ED179261-3390-4270-BE29-AE07402F168C}.Debug|x86.Build.0 = Debug|Any CPU
		{ED179261-3390-4270-BE29-AE07402F168C}.Release|Any CPU.ActiveCfg = Release|Any CPU
		{ED179261-3390-4270-BE29-AE07402F168C}.Release|Any CPU.Build.0 = Release|Any CPU
		{ED179261-3390-4270-BE29-AE07402F168C}.Release|x64.ActiveCfg = Release|Any CPU
		{ED179261-3390-4270-BE29-AE07402F168C}.Release|x64.Build.0 = Release|Any CPU
		{ED179261-3390-4270-BE29-AE07402F168C}.Release|x86.ActiveCfg = Release|Any CPU
		{ED179261-3390-4270-BE29-AE07402F168C}.Release|x86.Build.0 = Release|Any CPU
		{4F16BB78-777F-46A4-B8DF-9FE8B440BB3A}.Debug|Any CPU.ActiveCfg = Debug|Any CPU
		{4F16BB78-777F-46A4-B8DF-9FE8B440BB3A}.Debug|Any CPU.Build.0 = Debug|Any CPU
		{4F16BB78-777F-46A4-B8DF-9FE8B440BB3A}.Debug|x64.ActiveCfg = Debug|Any CPU
		{4F16BB78-777F-46A4-B8DF-9FE8B440BB3A}.Debug|x64.Build.0 = Debug|Any CPU
		{4F16BB78-777F-46A4-B8DF-9FE8B440BB3A}.Debug|x86.ActiveCfg = Debug|Any CPU
		{4F16BB78-777F-46A4-B8DF-9FE8B440BB3A}.Debug|x86.Build.0 = Debug|Any CPU
		{4F16BB78-777F-46A4-B8DF-9FE8B440BB3A}.Release|Any CPU.ActiveCfg = Release|Any CPU
		{4F16BB78-777F-46A4-B8DF-9FE8B440BB3A}.Release|Any CPU.Build.0 = Release|Any CPU
		{4F16BB78-777F-46A4-B8DF-9FE8B440BB3A}.Release|x64.ActiveCfg = Release|Any CPU
		{4F16BB78-777F-46A4-B8DF-9FE8B440BB3A}.Release|x64.Build.0 = Release|Any CPU
		{4F16BB78-777F-46A4-B8DF-9FE8B440BB3A}.Release|x86.ActiveCfg = Release|Any CPU
		{4F16BB78-777F-46A4-B8DF-9FE8B440BB3A}.Release|x86.Build.0 = Release|Any CPU
		{438C422C-66BF-4302-91D8-FB2AE95A9B65}.Debug|Any CPU.ActiveCfg = Debug|Any CPU
		{438C422C-66BF-4302-91D8-FB2AE95A9B65}.Debug|Any CPU.Build.0 = Debug|Any CPU
		{438C422C-66BF-4302-91D8-FB2AE95A9B65}.Debug|x64.ActiveCfg = Debug|Any CPU
		{438C422C-66BF-4302-91D8-FB2AE95A9B65}.Debug|x64.Build.0 = Debug|Any CPU
		{438C422C-66BF-4302-91D8-FB2AE95A9B65}.Debug|x86.ActiveCfg = Debug|Any CPU
		{438C422C-66BF-4302-91D8-FB2AE95A9B65}.Debug|x86.Build.0 = Debug|Any CPU
		{438C422C-66BF-4302-91D8-FB2AE95A9B65}.Release|Any CPU.ActiveCfg = Release|Any CPU
		{438C422C-66BF-4302-91D8-FB2AE95A9B65}.Release|Any CPU.Build.0 = Release|Any CPU
		{438C422C-66BF-4302-91D8-FB2AE95A9B65}.Release|x64.ActiveCfg = Release|Any CPU
		{438C422C-66BF-4302-91D8-FB2AE95A9B65}.Release|x64.Build.0 = Release|Any CPU
		{438C422C-66BF-4302-91D8-FB2AE95A9B65}.Release|x86.ActiveCfg = Release|Any CPU
		{438C422C-66BF-4302-91D8-FB2AE95A9B65}.Release|x86.Build.0 = Release|Any CPU
	EndGlobalSection
	GlobalSection(SolutionProperties) = preSolution
		HideSolutionNode = FALSE
	EndGlobalSection
	GlobalSection(NestedProjects) = preSolution
		{C1BFD1DF-374C-4FE5-AF36-8ED80C820FFB} = {827E0CD3-B72D-47B6-A68D-7590B98EB39B}
		{3B06802E-A512-426D-9FCE-A35FBC1ED928} = {827E0CD3-B72D-47B6-A68D-7590B98EB39B}
		{0A133015-2966-4BF3-A64C-49E86B19F5BD} = {827E0CD3-B72D-47B6-A68D-7590B98EB39B}
		{ED179261-3390-4270-BE29-AE07402F168C} = {827E0CD3-B72D-47B6-A68D-7590B98EB39B}
		{4F16BB78-777F-46A4-B8DF-9FE8B440BB3A} = {827E0CD3-B72D-47B6-A68D-7590B98EB39B}
		{438C422C-66BF-4302-91D8-FB2AE95A9B65} = {827E0CD3-B72D-47B6-A68D-7590B98EB39B}
	EndGlobalSection
EndGlobal
